
Microsoft Visual Studio Solution File, Format Version 12.00
# Visual Studio Version 17
VisualStudioVersion = 17.0.31903.59
MinimumVisualStudioVersion = 10.0.40219.1
Project("{FAE04EC0-301F-11D3-BF4B-00C04F79EFBC}") = "Shardion.Ether", "Shardion.Ether\Shardion.Ether.csproj", "{3102DBD0-B013-4D74-A9C1-B2165D166662}"
EndProject
Project("{FAE04EC0-301F-11D3-BF4B-00C04F79EFBC}") = "Shardion.Zephyros", "Shardion.Zephyros\Shardion.Zephyros.csproj", "{171B4690-78DA-44DE-A42E-9553B1A97C14}"
EndProject
Project("{FAE04EC0-301F-11D3-BF4B-00C04F79EFBC}") = "Shardion.Flashback", "Shardion.Flashback\Shardion.Flashback.csproj", "{C40B9134-9000-4953-A8E9-A8462E4CB795}"
EndProject
Project("{FAE04EC0-301F-11D3-BF4B-00C04F79EFBC}") = "Shardion.Limbo", "Shardion.Limbo\Shardion.Limbo.csproj", "{71EBF0A8-98C0-431E-BBBF-BE879C0D750C}"
EndProject
Project("{FAE04EC0-301F-11D3-BF4B-00C04F79EFBC}") = "Shardion.Magician", "Shardion.Magician\Shardion.Magician.csproj", "{1664BF89-3627-45BD-B6AF-FAA09E3E7DCB}"
EndProject
Project("{FAE04EC0-301F-11D3-BF4B-00C04F79EFBC}") = "Shardion.Resistance", "Shardion.Resistance\Shardion.Resistance.csproj", "{6DC64A51-6540-43FB-B961-0FFEF07BE2E8}"
EndProject
Global
	GlobalSection(SolutionConfigurationPlatforms) = preSolution
		Debug|Any CPU = Debug|Any CPU
		Release|Any CPU = Release|Any CPU
	EndGlobalSection
	GlobalSection(SolutionProperties) = preSolution
		HideSolutionNode = FALSE
	EndGlobalSection
	GlobalSection(ProjectConfigurationPlatforms) = postSolution
		{7E3E2CB6-D5F9-49C0-B26D-B0555A2D4241}.Debug|Any CPU.ActiveCfg = Debug|Any CPU
		{7E3E2CB6-D5F9-49C0-B26D-B0555A2D4241}.Debug|Any CPU.Build.0 = Debug|Any CPU
		{7E3E2CB6-D5F9-49C0-B26D-B0555A2D4241}.Release|Any CPU.ActiveCfg = Release|Any CPU
		{7E3E2CB6-D5F9-49C0-B26D-B0555A2D4241}.Release|Any CPU.Build.0 = Release|Any CPU
		{B3CFAA1D-E62A-4D75-8C4A-D94A5F0B1345}.Debug|Any CPU.ActiveCfg = Debug|Any CPU
		{B3CFAA1D-E62A-4D75-8C4A-D94A5F0B1345}.Debug|Any CPU.Build.0 = Debug|Any CPU
		{B3CFAA1D-E62A-4D75-8C4A-D94A5F0B1345}.Release|Any CPU.ActiveCfg = Release|Any CPU
		{B3CFAA1D-E62A-4D75-8C4A-D94A5F0B1345}.Release|Any CPU.Build.0 = Release|Any CPU
		{3102DBD0-B013-4D74-A9C1-B2165D166662}.Debug|Any CPU.ActiveCfg = Debug|Any CPU
		{3102DBD0-B013-4D74-A9C1-B2165D166662}.Debug|Any CPU.Build.0 = Debug|Any CPU
		{3102DBD0-B013-4D74-A9C1-B2165D166662}.Release|Any CPU.ActiveCfg = Release|Any CPU
		{3102DBD0-B013-4D74-A9C1-B2165D166662}.Release|Any CPU.Build.0 = Release|Any CPU
		{171B4690-78DA-44DE-A42E-9553B1A97C14}.Debug|Any CPU.ActiveCfg = Debug|Any CPU
		{171B4690-78DA-44DE-A42E-9553B1A97C14}.Debug|Any CPU.Build.0 = Debug|Any CPU
		{171B4690-78DA-44DE-A42E-9553B1A97C14}.Release|Any CPU.ActiveCfg = Release|Any CPU
		{171B4690-78DA-44DE-A42E-9553B1A97C14}.Release|Any CPU.Build.0 = Release|Any CPU
		{FA9D04FB-DA91-4287-8A93-8E1C6F6CDE63}.Debug|Any CPU.ActiveCfg = Debug|Any CPU
		{FA9D04FB-DA91-4287-8A93-8E1C6F6CDE63}.Debug|Any CPU.Build.0 = Debug|Any CPU
		{FA9D04FB-DA91-4287-8A93-8E1C6F6CDE63}.Release|Any CPU.ActiveCfg = Release|Any CPU
		{FA9D04FB-DA91-4287-8A93-8E1C6F6CDE63}.Release|Any CPU.Build.0 = Release|Any CPU
		{C40B9134-9000-4953-A8E9-A8462E4CB795}.Debug|Any CPU.ActiveCfg = Debug|Any CPU
		{C40B9134-9000-4953-A8E9-A8462E4CB795}.Debug|Any CPU.Build.0 = Debug|Any CPU
		{C40B9134-9000-4953-A8E9-A8462E4CB795}.Release|Any CPU.ActiveCfg = Release|Any CPU
		{C40B9134-9000-4953-A8E9-A8462E4CB795}.Release|Any CPU.Build.0 = Release|Any CPU
		{71EBF0A8-98C0-431E-BBBF-BE879C0D750C}.Debug|Any CPU.ActiveCfg = Debug|Any CPU
		{71EBF0A8-98C0-431E-BBBF-BE879C0D750C}.Debug|Any CPU.Build.0 = Debug|Any CPU
		{71EBF0A8-98C0-431E-BBBF-BE879C0D750C}.Release|Any CPU.ActiveCfg = Release|Any CPU
		{71EBF0A8-98C0-431E-BBBF-BE879C0D750C}.Release|Any CPU.Build.0 = Release|Any CPU
		{1664BF89-3627-45BD-B6AF-FAA09E3E7DCB}.Debug|Any CPU.ActiveCfg = Debug|Any CPU
		{1664BF89-3627-45BD-B6AF-FAA09E3E7DCB}.Debug|Any CPU.Build.0 = Debug|Any CPU
		{1664BF89-3627-45BD-B6AF-FAA09E3E7DCB}.Release|Any CPU.ActiveCfg = Release|Any CPU
		{1664BF89-3627-45BD-B6AF-FAA09E3E7DCB}.Release|Any CPU.Build.0 = Release|Any CPU
		{6DC64A51-6540-43FB-B961-0FFEF07BE2E8}.Debug|Any CPU.ActiveCfg = Debug|Any CPU
		{6DC64A51-6540-43FB-B961-0FFEF07BE2E8}.Debug|Any CPU.Build.0 = Debug|Any CPU
		{6DC64A51-6540-43FB-B961-0FFEF07BE2E8}.Release|Any CPU.ActiveCfg = Release|Any CPU
		{6DC64A51-6540-43FB-B961-0FFEF07BE2E8}.Release|Any CPU.Build.0 = Release|Any CPU
	EndGlobalSection
EndGlobal
